
Microsoft Visual Studio Solution File, Format Version 12.00
# Visual Studio Version 17
VisualStudioVersion = 17.0.31903.59
MinimumVisualStudioVersion = 10.0.40219.1
Project("{2150E333-8FDC-42A3-9474-1A3956D46DE8}") = "src", "src", "{827E0CD3-B72D-47B6-A68D-7590B98EB39B}"
EndProject
Project("{FAE04EC0-301F-11D3-BF4B-00C04F79EFBC}") = "Jio.CLI", "src\Jio.CLI\Jio.CLI.csproj", "{E4E12EF7-7F07-4F3A-A6E8-07901583447F}"
EndProject
Project("{FAE04EC0-301F-11D3-BF4B-00C04F79EFBC}") = "Jio.Core", "src\Jio.Core\Jio.Core.csproj", "{0597736F-A54C-4007-B855-AAA132A67B21}"
EndProject
Project("{2150E333-8FDC-42A3-9474-1A3956D46DE8}") = "tests", "tests", "{0AB3BF05-4346-4AA6-1389-037BE0695223}"
EndProject
Project("{FAE04EC0-301F-11D3-BF4B-00C04F79EFBC}") = "Jio.Core.Tests", "tests\Jio.Core.Tests\Jio.Core.Tests.csproj", "{BACEB2FD-A3CA-46D2-82D5-DE2AA9C21375}"
EndProject
Global
	GlobalSection(SolutionConfigurationPlatforms) = preSolution
		Debug|Any CPU = Debug|Any CPU
		Debug|x64 = Debug|x64
		Debug|x86 = Debug|x86
		Release|Any CPU = Release|Any CPU
		Release|x64 = Release|x64
		Release|x86 = Release|x86
	EndGlobalSection
	GlobalSection(ProjectConfigurationPlatforms) = postSolution
		{E4E12EF7-7F07-4F3A-A6E8-07901583447F}.Debug|Any CPU.ActiveCfg = Debug|Any CPU
		{E4E12EF7-7F07-4F3A-A6E8-07901583447F}.Debug|Any CPU.Build.0 = Debug|Any CPU
		{E4E12EF7-7F07-4F3A-A6E8-07901583447F}.Debug|x64.ActiveCfg = Debug|Any CPU
		{E4E12EF7-7F07-4F3A-A6E8-07901583447F}.Debug|x64.Build.0 = Debug|Any CPU
		{E4E12EF7-7F07-4F3A-A6E8-07901583447F}.Debug|x86.ActiveCfg = Debug|Any CPU
		{E4E12EF7-7F07-4F3A-A6E8-07901583447F}.Debug|x86.Build.0 = Debug|Any CPU
		{E4E12EF7-7F07-4F3A-A6E8-07901583447F}.Release|Any CPU.ActiveCfg = Release|Any CPU
		{E4E12EF7-7F07-4F3A-A6E8-07901583447F}.Release|Any CPU.Build.0 = Release|Any CPU
		{E4E12EF7-7F07-4F3A-A6E8-07901583447F}.Release|x64.ActiveCfg = Release|Any CPU
		{E4E12EF7-7F07-4F3A-A6E8-07901583447F}.Release|x64.Build.0 = Release|Any CPU
		{E4E12EF7-7F07-4F3A-A6E8-07901583447F}.Release|x86.ActiveCfg = Release|Any CPU
		{E4E12EF7-7F07-4F3A-A6E8-07901583447F}.Release|x86.Build.0 = Release|Any CPU
		{0597736F-A54C-4007-B855-AAA132A67B21}.Debug|Any CPU.ActiveCfg = Debug|Any CPU
		{0597736F-A54C-4007-B855-AAA132A67B21}.Debug|Any CPU.Build.0 = Debug|Any CPU
		{0597736F-A54C-4007-B855-AAA132A67B21}.Debug|x64.ActiveCfg = Debug|Any CPU
		{0597736F-A54C-4007-B855-AAA132A67B21}.Debug|x64.Build.0 = Debug|Any CPU
		{0597736F-A54C-4007-B855-AAA132A67B21}.Debug|x86.ActiveCfg = Debug|Any CPU
		{0597736F-A54C-4007-B855-AAA132A67B21}.Debug|x86.Build.0 = Debug|Any CPU
		{0597736F-A54C-4007-B855-AAA132A67B21}.Release|Any CPU.ActiveCfg = Release|Any CPU
		{0597736F-A54C-4007-B855-AAA132A67B21}.Release|Any CPU.Build.0 = Release|Any CPU
		{0597736F-A54C-4007-B855-AAA132A67B21}.Release|x64.ActiveCfg = Release|Any CPU
		{0597736F-A54C-4007-B855-AAA132A67B21}.Release|x64.Build.0 = Release|Any CPU
		{0597736F-A54C-4007-B855-AAA132A67B21}.Release|x86.ActiveCfg = Release|Any CPU
		{0597736F-A54C-4007-B855-AAA132A67B21}.Release|x86.Build.0 = Release|Any CPU
		{BACEB2FD-A3CA-46D2-82D5-DE2AA9C21375}.Debug|Any CPU.ActiveCfg = Debug|Any CPU
		{BACEB2FD-A3CA-46D2-82D5-DE2AA9C21375}.Debug|Any CPU.Build.0 = Debug|Any CPU
		{BACEB2FD-A3CA-46D2-82D5-DE2AA9C21375}.Debug|x64.ActiveCfg = Debug|Any CPU
		{BACEB2FD-A3CA-46D2-82D5-DE2AA9C21375}.Debug|x64.Build.0 = Debug|Any CPU
		{BACEB2FD-A3CA-46D2-82D5-DE2AA9C21375}.Debug|x86.ActiveCfg = Debug|Any CPU
		{BACEB2FD-A3CA-46D2-82D5-DE2AA9C21375}.Debug|x86.Build.0 = Debug|Any CPU
		{BACEB2FD-A3CA-46D2-82D5-DE2AA9C21375}.Release|Any CPU.ActiveCfg = Release|Any CPU
		{BACEB2FD-A3CA-46D2-82D5-DE2AA9C21375}.Release|Any CPU.Build.0 = Release|Any CPU
		{BACEB2FD-A3CA-46D2-82D5-DE2AA9C21375}.Release|x64.ActiveCfg = Release|Any CPU
		{BACEB2FD-A3CA-46D2-82D5-DE2AA9C21375}.Release|x64.Build.0 = Release|Any CPU
		{BACEB2FD-A3CA-46D2-82D5-DE2AA9C21375}.Release|x86.ActiveCfg = Release|Any CPU
		{BACEB2FD-A3CA-46D2-82D5-DE2AA9C21375}.Release|x86.Build.0 = Release|Any CPU
	EndGlobalSection
	GlobalSection(SolutionProperties) = preSolution
		HideSolutionNode = FALSE
	EndGlobalSection
	GlobalSection(NestedProjects) = preSolution
		{E4E12EF7-7F07-4F3A-A6E8-07901583447F} = {827E0CD3-B72D-47B6-A68D-7590B98EB39B}
		{0597736F-A54C-4007-B855-AAA132A67B21} = {827E0CD3-B72D-47B6-A68D-7590B98EB39B}
		{BACEB2FD-A3CA-46D2-82D5-DE2AA9C21375} = {0AB3BF05-4346-4AA6-1389-037BE0695223}
	EndGlobalSection
EndGlobal
